
Microsoft Visual Studio Solution File, Format Version 12.00
# Visual Studio Version 16
VisualStudioVersion = 16.0.30320.27
MinimumVisualStudioVersion = 10.0.40219.1
Project("{9A19103F-16F7-4668-BE54-9A1E7A4F7556}") = "DisserNET", "DisserNET\DisserNET.csproj", "{DBA5F53A-EFE7-46AB-A311-E34872EC8FDE}"
EndProject
Project("{9A19103F-16F7-4668-BE54-9A1E7A4F7556}") = "TestsNET", "TestsNET\TestsNET.csproj", "{9176C040-ABDE-4DC5-8814-B21433C05D4A}"
EndProject
Global
	GlobalSection(SolutionConfigurationPlatforms) = preSolution
		Debug|Any CPU = Debug|Any CPU
		Debug|x64 = Debug|x64
		Release|Any CPU = Release|Any CPU
		Release|x64 = Release|x64
	EndGlobalSection
	GlobalSection(ProjectConfigurationPlatforms) = postSolution
		{DBA5F53A-EFE7-46AB-A311-E34872EC8FDE}.Debug|Any CPU.ActiveCfg = Debug|Any CPU
		{DBA5F53A-EFE7-46AB-A311-E34872EC8FDE}.Debug|Any CPU.Build.0 = Debug|Any CPU
		{DBA5F53A-EFE7-46AB-A311-E34872EC8FDE}.Debug|x64.ActiveCfg = Debug|Any CPU
		{DBA5F53A-EFE7-46AB-A311-E34872EC8FDE}.Debug|x64.Build.0 = Debug|Any CPU
		{DBA5F53A-EFE7-46AB-A311-E34872EC8FDE}.Release|Any CPU.ActiveCfg = Release|Any CPU
		{DBA5F53A-EFE7-46AB-A311-E34872EC8FDE}.Release|Any CPU.Build.0 = Release|Any CPU
		{DBA5F53A-EFE7-46AB-A311-E34872EC8FDE}.Release|x64.ActiveCfg = Release|Any CPU
		{DBA5F53A-EFE7-46AB-A311-E34872EC8FDE}.Release|x64.Build.0 = Release|Any CPU
		{9176C040-ABDE-4DC5-8814-B21433C05D4A}.Debug|Any CPU.ActiveCfg = Debug|Any CPU
		{9176C040-ABDE-4DC5-8814-B21433C05D4A}.Debug|Any CPU.Build.0 = Debug|Any CPU
		{9176C040-ABDE-4DC5-8814-B21433C05D4A}.Debug|x64.ActiveCfg = Debug|Any CPU
		{9176C040-ABDE-4DC5-8814-B21433C05D4A}.Debug|x64.Build.0 = Debug|Any CPU
		{9176C040-ABDE-4DC5-8814-B21433C05D4A}.Release|Any CPU.ActiveCfg = Release|Any CPU
		{9176C040-ABDE-4DC5-8814-B21433C05D4A}.Release|Any CPU.Build.0 = Release|Any CPU
		{9176C040-ABDE-4DC5-8814-B21433C05D4A}.Release|x64.ActiveCfg = Release|Any CPU
		{9176C040-ABDE-4DC5-8814-B21433C05D4A}.Release|x64.Build.0 = Release|Any CPU
	EndGlobalSection
	GlobalSection(SolutionProperties) = preSolution
		HideSolutionNode = FALSE
	EndGlobalSection
	GlobalSection(ExtensibilityGlobals) = postSolution
		SolutionGuid = {D66B469A-FCF4-495D-83D3-E4A3D8DC303E}
	EndGlobalSection
EndGlobal
