
Microsoft Visual Studio Solution File, Format Version 12.00
# Visual Studio Version 16
VisualStudioVersion = 16.0.30320.27
MinimumVisualStudioVersion = 10.0.40219.1
Project("{FAE04EC0-301F-11D3-BF4B-00C04F79EFBC}") = "Dissertation", "ClientDesktop\Dissertation.csproj", "{25F90AD9-3898-4970-8511-E09E20611FE0}"
EndProject
Global
	GlobalSection(SolutionConfigurationPlatforms) = preSolution
		Debug|Any CPU = Debug|Any CPU
		Debug|x64 = Debug|x64
		Release|Any CPU = Release|Any CPU
		Release|x64 = Release|x64
	EndGlobalSection
	GlobalSection(ProjectConfigurationPlatforms) = postSolution
		{25F90AD9-3898-4970-8511-E09E20611FE0}.Debug|Any CPU.ActiveCfg = Debug|Any CPU
		{25F90AD9-3898-4970-8511-E09E20611FE0}.Debug|Any CPU.Build.0 = Debug|Any CPU
		{25F90AD9-3898-4970-8511-E09E20611FE0}.Debug|x64.ActiveCfg = Debug|x64
		{25F90AD9-3898-4970-8511-E09E20611FE0}.Debug|x64.Build.0 = Debug|x64
		{25F90AD9-3898-4970-8511-E09E20611FE0}.Release|Any CPU.ActiveCfg = Release|Any CPU
		{25F90AD9-3898-4970-8511-E09E20611FE0}.Release|Any CPU.Build.0 = Release|Any CPU
		{25F90AD9-3898-4970-8511-E09E20611FE0}.Release|x64.ActiveCfg = Release|x64
		{25F90AD9-3898-4970-8511-E09E20611FE0}.Release|x64.Build.0 = Release|x64
	EndGlobalSection
	GlobalSection(SolutionProperties) = preSolution
		HideSolutionNode = FALSE
	EndGlobalSection
	GlobalSection(ExtensibilityGlobals) = postSolution
		SolutionGuid = {D66B469A-FCF4-495D-83D3-E4A3D8DC303E}
	EndGlobalSection
EndGlobal
